// !$*UTF8*$!
{
	archiveVersion = 1;
	classes = {
	};
	objectVersion = 52;
	objects = {

/* Begin PBXBuildFile section */
		CBA8F2942654178B00EE749F /* ComposableBluetoothPeripheralManager in Frameworks */ = {isa = PBXBuildFile; productRef = CBA8F2932654178B00EE749F /* ComposableBluetoothPeripheralManager */; };
		CBC1A3CA2653AE68003171FC /* Peripheral.swift in Sources */ = {isa = PBXBuildFile; fileRef = CBC1A3C92653AE68003171FC /* Peripheral.swift */; };
		CBE9FB9E26525A7600E7038D /* BLESampleApp.swift in Sources */ = {isa = PBXBuildFile; fileRef = CBE9FB9D26525A7600E7038D /* BLESampleApp.swift */; };
		CBE9FBA026525A7600E7038D /* ContentView.swift in Sources */ = {isa = PBXBuildFile; fileRef = CBE9FB9F26525A7600E7038D /* ContentView.swift */; };
		CBE9FBA226525A7800E7038D /* Assets.xcassets in Resources */ = {isa = PBXBuildFile; fileRef = CBE9FBA126525A7800E7038D /* Assets.xcassets */; };
		CBE9FBA526525A7800E7038D /* Preview Assets.xcassets in Resources */ = {isa = PBXBuildFile; fileRef = CBE9FBA426525A7800E7038D /* Preview Assets.xcassets */; };
		CBE9FBAE26525AEA00E7038D /* ComposableBluetoothCentralManager in Frameworks */ = {isa = PBXBuildFile; productRef = CBE9FBAD26525AEA00E7038D /* ComposableBluetoothCentralManager */; };
/* End PBXBuildFile section */

/* Begin PBXFileReference section */
		CBC1A3C526534433003171FC /* TCA-BLE-Sample.entitlements */ = {isa = PBXFileReference; lastKnownFileType = text.plist.entitlements; path = "TCA-BLE-Sample.entitlements"; sourceTree = "<group>"; };
		CBC1A3C92653AE68003171FC /* Peripheral.swift */ = {isa = PBXFileReference; lastKnownFileType = sourcecode.swift; path = Peripheral.swift; sourceTree = "<group>"; };
		CBE9FB9A26525A7600E7038D /* TCA-BLE-Sample.app */ = {isa = PBXFileReference; explicitFileType = wrapper.application; includeInIndex = 0; path = "TCA-BLE-Sample.app"; sourceTree = BUILT_PRODUCTS_DIR; };
		CBE9FB9D26525A7600E7038D /* BLESampleApp.swift */ = {isa = PBXFileReference; lastKnownFileType = sourcecode.swift; path = BLESampleApp.swift; sourceTree = "<group>"; };
		CBE9FB9F26525A7600E7038D /* ContentView.swift */ = {isa = PBXFileReference; lastKnownFileType = sourcecode.swift; path = ContentView.swift; sourceTree = "<group>"; };
		CBE9FBA126525A7800E7038D /* Assets.xcassets */ = {isa = PBXFileReference; lastKnownFileType = folder.assetcatalog; path = Assets.xcassets; sourceTree = "<group>"; };
		CBE9FBA426525A7800E7038D /* Preview Assets.xcassets */ = {isa = PBXFileReference; lastKnownFileType = folder.assetcatalog; path = "Preview Assets.xcassets"; sourceTree = "<group>"; };
		CBE9FBA626525A7800E7038D /* Info.plist */ = {isa = PBXFileReference; lastKnownFileType = text.plist.xml; path = Info.plist; sourceTree = "<group>"; };
/* End PBXFileReference section */

/* Begin PBXFrameworksBuildPhase section */
		CBE9FB9726525A7600E7038D /* Frameworks */ = {
			isa = PBXFrameworksBuildPhase;
			buildActionMask = 2147483647;
			files = (
				CBA8F2942654178B00EE749F /* ComposableBluetoothPeripheralManager in Frameworks */,
				CBE9FBAE26525AEA00E7038D /* ComposableBluetoothCentralManager in Frameworks */,
			);
			runOnlyForDeploymentPostprocessing = 0;
		};
/* End PBXFrameworksBuildPhase section */

/* Begin PBXGroup section */
		CBE9FB9126525A7600E7038D = {
			isa = PBXGroup;
			children = (
				CBE9FB9C26525A7600E7038D /* TCA-BLE-Sample */,
				CBE9FB9B26525A7600E7038D /* Products */,
			);
			sourceTree = "<group>";
		};
		CBE9FB9B26525A7600E7038D /* Products */ = {
			isa = PBXGroup;
			children = (
				CBE9FB9A26525A7600E7038D /* TCA-BLE-Sample.app */,
			);
			name = Products;
			sourceTree = "<group>";
		};
		CBE9FB9C26525A7600E7038D /* TCA-BLE-Sample */ = {
			isa = PBXGroup;
			children = (
				CBC1A3C526534433003171FC /* TCA-BLE-Sample.entitlements */,
				CBE9FB9D26525A7600E7038D /* BLESampleApp.swift */,
				CBE9FB9F26525A7600E7038D /* ContentView.swift */,
				CBC1A3C92653AE68003171FC /* Peripheral.swift */,
				CBE9FBA126525A7800E7038D /* Assets.xcassets */,
				CBE9FBA626525A7800E7038D /* Info.plist */,
				CBE9FBA326525A7800E7038D /* Preview Content */,
			);
			path = "TCA-BLE-Sample";
			sourceTree = "<group>";
		};
		CBE9FBA326525A7800E7038D /* Preview Content */ = {
			isa = PBXGroup;
			children = (
				CBE9FBA426525A7800E7038D /* Preview Assets.xcassets */,
			);
			path = "Preview Content";
			sourceTree = "<group>";
		};
/* End PBXGroup section */

/* Begin PBXNativeTarget section */
		CBE9FB9926525A7600E7038D /* TCA-BLE-Sample */ = {
			isa = PBXNativeTarget;
			buildConfigurationList = CBE9FBA926525A7800E7038D /* Build configuration list for PBXNativeTarget "TCA-BLE-Sample" */;
			buildPhases = (
				CBE9FB9626525A7600E7038D /* Sources */,
				CBE9FB9726525A7600E7038D /* Frameworks */,
				CBE9FB9826525A7600E7038D /* Resources */,
			);
			buildRules = (
			);
			dependencies = (
			);
			name = "TCA-BLE-Sample";
			packageProductDependencies = (
				CBE9FBAD26525AEA00E7038D /* ComposableBluetoothCentralManager */,
				CBA8F2932654178B00EE749F /* ComposableBluetoothPeripheralManager */,
			);
			productName = "TCA-BLE-Sample";
			productReference = CBE9FB9A26525A7600E7038D /* TCA-BLE-Sample.app */;
			productType = "com.apple.product-type.application";
		};
/* End PBXNativeTarget section */

/* Begin PBXProject section */
		CBE9FB9226525A7600E7038D /* Project object */ = {
			isa = PBXProject;
			attributes = {
				LastSwiftUpdateCheck = 1250;
				LastUpgradeCheck = 1250;
				TargetAttributes = {
					CBE9FB9926525A7600E7038D = {
						CreatedOnToolsVersion = 12.5;
					};
				};
			};
			buildConfigurationList = CBE9FB9526525A7600E7038D /* Build configuration list for PBXProject "TCA-BLE-Sample" */;
			compatibilityVersion = "Xcode 9.3";
			developmentRegion = en;
			hasScannedForEncodings = 0;
			knownRegions = (
				en,
				Base,
			);
			mainGroup = CBE9FB9126525A7600E7038D;
			packageReferences = (
				CBE9FBAC26525AEA00E7038D /* XCRemoteSwiftPackageReference "composable-bluetooth-central-manager" */,
				CBA8F2922654178B00EE749F /* XCRemoteSwiftPackageReference "composable-bluetooth-peripheral-manager" */,
			);
			productRefGroup = CBE9FB9B26525A7600E7038D /* Products */;
			projectDirPath = "";
			projectRoot = "";
			targets = (
				CBE9FB9926525A7600E7038D /* TCA-BLE-Sample */,
			);
		};
/* End PBXProject section */

/* Begin PBXResourcesBuildPhase section */
		CBE9FB9826525A7600E7038D /* Resources */ = {
			isa = PBXResourcesBuildPhase;
			buildActionMask = 2147483647;
			files = (
				CBE9FBA526525A7800E7038D /* Preview Assets.xcassets in Resources */,
				CBE9FBA226525A7800E7038D /* Assets.xcassets in Resources */,
			);
			runOnlyForDeploymentPostprocessing = 0;
		};
/* End PBXResourcesBuildPhase section */

/* Begin PBXSourcesBuildPhase section */
		CBE9FB9626525A7600E7038D /* Sources */ = {
			isa = PBXSourcesBuildPhase;
			buildActionMask = 2147483647;
			files = (
				CBE9FBA026525A7600E7038D /* ContentView.swift in Sources */,
				CBC1A3CA2653AE68003171FC /* Peripheral.swift in Sources */,
				CBE9FB9E26525A7600E7038D /* BLESampleApp.swift in Sources */,
			);
			runOnlyForDeploymentPostprocessing = 0;
		};
/* End PBXSourcesBuildPhase section */

/* Begin XCBuildConfiguration section */
		CBE9FBA726525A7800E7038D /* Debug */ = {
			isa = XCBuildConfiguration;
			buildSettings = {
				ALWAYS_SEARCH_USER_PATHS = NO;
				CLANG_ANALYZER_NONNULL = YES;
				CLANG_ANALYZER_NUMBER_OBJECT_CONVERSION = YES_AGGRESSIVE;
				CLANG_CXX_LANGUAGE_STANDARD = "gnu++14";
				CLANG_CXX_LIBRARY = "libc++";
				CLANG_ENABLE_MODULES = YES;
				CLANG_ENABLE_OBJC_ARC = YES;
				CLANG_ENABLE_OBJC_WEAK = YES;
				CLANG_WARN_BLOCK_CAPTURE_AUTORELEASING = YES;
				CLANG_WARN_BOOL_CONVERSION = YES;
				CLANG_WARN_COMMA = YES;
				CLANG_WARN_CONSTANT_CONVERSION = YES;
				CLANG_WARN_DEPRECATED_OBJC_IMPLEMENTATIONS = YES;
				CLANG_WARN_DIRECT_OBJC_ISA_USAGE = YES_ERROR;
				CLANG_WARN_DOCUMENTATION_COMMENTS = YES;
				CLANG_WARN_EMPTY_BODY = YES;
				CLANG_WARN_ENUM_CONVERSION = YES;
				CLANG_WARN_INFINITE_RECURSION = YES;
				CLANG_WARN_INT_CONVERSION = YES;
				CLANG_WARN_NON_LITERAL_NULL_CONVERSION = YES;
				CLANG_WARN_OBJC_IMPLICIT_RETAIN_SELF = YES;
				CLANG_WARN_OBJC_LITERAL_CONVERSION = YES;
				CLANG_WARN_OBJC_ROOT_CLASS = YES_ERROR;
				CLANG_WARN_QUOTED_INCLUDE_IN_FRAMEWORK_HEADER = YES;
				CLANG_WARN_RANGE_LOOP_ANALYSIS = YES;
				CLANG_WARN_STRICT_PROTOTYPES = YES;
				CLANG_WARN_SUSPICIOUS_MOVE = YES;
				CLANG_WARN_UNGUARDED_AVAILABILITY = YES_AGGRESSIVE;
				CLANG_WARN_UNREACHABLE_CODE = YES;
				CLANG_WARN__DUPLICATE_METHOD_MATCH = YES;
				COPY_PHASE_STRIP = NO;
				DEBUG_INFORMATION_FORMAT = dwarf;
				ENABLE_STRICT_OBJC_MSGSEND = YES;
				ENABLE_TESTABILITY = YES;
				GCC_C_LANGUAGE_STANDARD = gnu11;
				GCC_DYNAMIC_NO_PIC = NO;
				GCC_NO_COMMON_BLOCKS = YES;
				GCC_OPTIMIZATION_LEVEL = 0;
				GCC_PREPROCESSOR_DEFINITIONS = (
					"DEBUG=1",
					"$(inherited)",
				);
				GCC_WARN_64_TO_32_BIT_CONVERSION = YES;
				GCC_WARN_ABOUT_RETURN_TYPE = YES_ERROR;
				GCC_WARN_UNDECLARED_SELECTOR = YES;
				GCC_WARN_UNINITIALIZED_AUTOS = YES_AGGRESSIVE;
				GCC_WARN_UNUSED_FUNCTION = YES;
				GCC_WARN_UNUSED_VARIABLE = YES;
				IPHONEOS_DEPLOYMENT_TARGET = 14.5;
				MTL_ENABLE_DEBUG_INFO = INCLUDE_SOURCE;
				MTL_FAST_MATH = YES;
				ONLY_ACTIVE_ARCH = YES;
				SDKROOT = iphoneos;
				SWIFT_ACTIVE_COMPILATION_CONDITIONS = DEBUG;
				SWIFT_OPTIMIZATION_LEVEL = "-Onone";
			};
			name = Debug;
		};
		CBE9FBA826525A7800E7038D /* Release */ = {
			isa = XCBuildConfiguration;
			buildSettings = {
				ALWAYS_SEARCH_USER_PATHS = NO;
				CLANG_ANALYZER_NONNULL = YES;
				CLANG_ANALYZER_NUMBER_OBJECT_CONVERSION = YES_AGGRESSIVE;
				CLANG_CXX_LANGUAGE_STANDARD = "gnu++14";
				CLANG_CXX_LIBRARY = "libc++";
				CLANG_ENABLE_MODULES = YES;
				CLANG_ENABLE_OBJC_ARC = YES;
				CLANG_ENABLE_OBJC_WEAK = YES;
				CLANG_WARN_BLOCK_CAPTURE_AUTORELEASING = YES;
				CLANG_WARN_BOOL_CONVERSION = YES;
				CLANG_WARN_COMMA = YES;
				CLANG_WARN_CONSTANT_CONVERSION = YES;
				CLANG_WARN_DEPRECATED_OBJC_IMPLEMENTATIONS = YES;
				CLANG_WARN_DIRECT_OBJC_ISA_USAGE = YES_ERROR;
				CLANG_WARN_DOCUMENTATION_COMMENTS = YES;
				CLANG_WARN_EMPTY_BODY = YES;
				CLANG_WARN_ENUM_CONVERSION = YES;
				CLANG_WARN_INFINITE_RECURSION = YES;
				CLANG_WARN_INT_CONVERSION = YES;
				CLANG_WARN_NON_LITERAL_NULL_CONVERSION = YES;
				CLANG_WARN_OBJC_IMPLICIT_RETAIN_SELF = YES;
				CLANG_WARN_OBJC_LITERAL_CONVERSION = YES;
				CLANG_WARN_OBJC_ROOT_CLASS = YES_ERROR;
				CLANG_WARN_QUOTED_INCLUDE_IN_FRAMEWORK_HEADER = YES;
				CLANG_WARN_RANGE_LOOP_ANALYSIS = YES;
				CLANG_WARN_STRICT_PROTOTYPES = YES;
				CLANG_WARN_SUSPICIOUS_MOVE = YES;
				CLANG_WARN_UNGUARDED_AVAILABILITY = YES_AGGRESSIVE;
				CLANG_WARN_UNREACHABLE_CODE = YES;
				CLANG_WARN__DUPLICATE_METHOD_MATCH = YES;
				COPY_PHASE_STRIP = NO;
				DEBUG_INFORMATION_FORMAT = "dwarf-with-dsym";
				ENABLE_NS_ASSERTIONS = NO;
				ENABLE_STRICT_OBJC_MSGSEND = YES;
				GCC_C_LANGUAGE_STANDARD = gnu11;
				GCC_NO_COMMON_BLOCKS = YES;
				GCC_WARN_64_TO_32_BIT_CONVERSION = YES;
				GCC_WARN_ABOUT_RETURN_TYPE = YES_ERROR;
				GCC_WARN_UNDECLARED_SELECTOR = YES;
				GCC_WARN_UNINITIALIZED_AUTOS = YES_AGGRESSIVE;
				GCC_WARN_UNUSED_FUNCTION = YES;
				GCC_WARN_UNUSED_VARIABLE = YES;
				IPHONEOS_DEPLOYMENT_TARGET = 14.5;
				MTL_ENABLE_DEBUG_INFO = NO;
				MTL_FAST_MATH = YES;
				SDKROOT = iphoneos;
				SWIFT_COMPILATION_MODE = wholemodule;
				SWIFT_OPTIMIZATION_LEVEL = "-O";
				VALIDATE_PRODUCT = YES;
			};
			name = Release;
		};
		CBE9FBAA26525A7800E7038D /* Debug */ = {
			isa = XCBuildConfiguration;
			buildSettings = {
				ASSETCATALOG_COMPILER_APPICON_NAME = AppIcon;
				ASSETCATALOG_COMPILER_GLOBAL_ACCENT_COLOR_NAME = AccentColor;
				CODE_SIGN_ENTITLEMENTS = "TCA-BLE-Sample/TCA-BLE-Sample.entitlements";
				CODE_SIGN_STYLE = Automatic;
				DEVELOPMENT_ASSET_PATHS = "\"TCA-BLE-Sample/Preview Content\"";
				DEVELOPMENT_TEAM = UV6TAX3ANB;
				ENABLE_PREVIEWS = YES;
				INFOPLIST_FILE = "TCA-BLE-Sample/Info.plist";
				IPHONEOS_DEPLOYMENT_TARGET = 14.0;
				LD_RUNPATH_SEARCH_PATHS = (
					"$(inherited)",
					"@executable_path/Frameworks",
				);
				PRODUCT_BUNDLE_IDENTIFIER = "com.bricklife.TCA-BLE-Sample";
				PRODUCT_NAME = "$(TARGET_NAME)";
				SUPPORTS_MACCATALYST = YES;
				SWIFT_VERSION = 5.0;
				TARGETED_DEVICE_FAMILY = "1,2,6";
			};
			name = Debug;
		};
		CBE9FBAB26525A7800E7038D /* Release */ = {
			isa = XCBuildConfiguration;
			buildSettings = {
				ASSETCATALOG_COMPILER_APPICON_NAME = AppIcon;
				ASSETCATALOG_COMPILER_GLOBAL_ACCENT_COLOR_NAME = AccentColor;
				CODE_SIGN_ENTITLEMENTS = "TCA-BLE-Sample/TCA-BLE-Sample.entitlements";
				CODE_SIGN_STYLE = Automatic;
				DEVELOPMENT_ASSET_PATHS = "\"TCA-BLE-Sample/Preview Content\"";
				DEVELOPMENT_TEAM = UV6TAX3ANB;
				ENABLE_PREVIEWS = YES;
				INFOPLIST_FILE = "TCA-BLE-Sample/Info.plist";
				IPHONEOS_DEPLOYMENT_TARGET = 14.0;
				LD_RUNPATH_SEARCH_PATHS = (
					"$(inherited)",
					"@executable_path/Frameworks",
				);
				PRODUCT_BUNDLE_IDENTIFIER = "com.bricklife.TCA-BLE-Sample";
				PRODUCT_NAME = "$(TARGET_NAME)";
				SUPPORTS_MACCATALYST = YES;
				SWIFT_VERSION = 5.0;
				TARGETED_DEVICE_FAMILY = "1,2,6";
			};
			name = Release;
		};
/* End XCBuildConfiguration section */

/* Begin XCConfigurationList section */
		CBE9FB9526525A7600E7038D /* Build configuration list for PBXProject "TCA-BLE-Sample" */ = {
			isa = XCConfigurationList;
			buildConfigurations = (
				CBE9FBA726525A7800E7038D /* Debug */,
				CBE9FBA826525A7800E7038D /* Release */,
			);
			defaultConfigurationIsVisible = 0;
			defaultConfigurationName = Release;
		};
		CBE9FBA926525A7800E7038D /* Build configuration list for PBXNativeTarget "TCA-BLE-Sample" */ = {
			isa = XCConfigurationList;
			buildConfigurations = (
				CBE9FBAA26525A7800E7038D /* Debug */,
				CBE9FBAB26525A7800E7038D /* Release */,
			);
			defaultConfigurationIsVisible = 0;
			defaultConfigurationName = Release;
		};
/* End XCConfigurationList section */

/* Begin XCRemoteSwiftPackageReference section */
		CBA8F2922654178B00EE749F /* XCRemoteSwiftPackageReference "composable-bluetooth-peripheral-manager" */ = {
			isa = XCRemoteSwiftPackageReference;
			repositoryURL = "https://github.com/tcakit/composable-bluetooth-peripheral-manager";
			requirement = {
				branch = main;
				kind = branch;
			};
		};
		CBE9FBAC26525AEA00E7038D /* XCRemoteSwiftPackageReference "composable-bluetooth-central-manager" */ = {
			isa = XCRemoteSwiftPackageReference;
			repositoryURL = "https://github.com/tcakit/composable-bluetooth-central-manager/";
			requirement = {
				branch = main;
				kind = branch;
			};
		};
/* End XCRemoteSwiftPackageReference section */

/* Begin XCSwiftPackageProductDependency section */
		CBA8F2932654178B00EE749F /* ComposableBluetoothPeripheralManager */ = {
			isa = XCSwiftPackageProductDependency;
			package = CBA8F2922654178B00EE749F /* XCRemoteSwiftPackageReference "composable-bluetooth-peripheral-manager" */;
			productName = ComposableBluetoothPeripheralManager;
		};
		CBE9FBAD26525AEA00E7038D /* ComposableBluetoothCentralManager */ = {
			isa = XCSwiftPackageProductDependency;
			package = CBE9FBAC26525AEA00E7038D /* XCRemoteSwiftPackageReference "composable-bluetooth-central-manager" */;
			productName = ComposableBluetoothCentralManager;
		};
/* End XCSwiftPackageProductDependency section */
	};
	rootObject = CBE9FB9226525A7600E7038D /* Project object */;
}
